lockfileVersion: '9.0'

settings:
  autoInstallPeers: true
  excludeLinksFromLockfile: false

importers:

  .:
    dependencies:
      '@moonlight-mod/types':
        specifier: ^2026.9.1
        version: 2026.9.1(react@19.2.8)(typescript@5.9.3)
      '@protobuf-ts/runtime':
        specifier: ^2.11.1
        version: 2.11.1
    devDependencies:
      '@electron/asar':
        specifier: ^3.2.8
        version: 3.4.1
      '@moonlight-mod/esbuild-config':
        specifier: ^1.0.0
        version: 1.1.0(esbuild@0.19.12)
      esbuild:
        specifier: ^0.19.3
        version: 0.19.12
      typescript:
        specifier: ^5.3.2
        version: 5.9.3

packages:

  '@discord/intl-ast@0.29.1':
    resolution: {integrity: sha512-ufQrRIiz2ZjHVqyK+zlcUgtxvP/X2g9S59cph4Inl+KnNxqmqVrXUiTGXAqn0hREMr2VxKJJzBVdMEU4brG4KQ==}

  '@discord/intl@0.29.1':
    resolution: {integrity: sha512-haEHu575HkrNrjR+dg9XTbLRs0z6bFnWOIksN8caU80oweAG46fXpO8gE5t3UojuL6Cb0gB4trDTcR3REfm2tg==}
    peerDependencies:
      react: '> 16'

  '@electron/asar@3.4.1':
    resolution: {integrity: sha512-i4/rNPRS84t0vSRa2HorerGRXWyF4vThfHesw0dmcWHp+cspK743UanA0suA5Q5y8kzY2y6YKrvbIUn69BCAiA==}
    engines: {node: '>=10.12.0'}
    hasBin: true

  '@esbuild/aix-ppc64@0.19.12':
    resolution: {integrity: sha512-bmoCYyWdEL3wDQIVbcyzRyeKLgk2WtWLTWz1ZIAZF/EGbNOwSA6ew3PftJ1PqMiOOGu0OyFMzG53L0zqIpPeNA==}
    engines: {node: '>=12'}
    cpu: [ppc64]
    os: [aix]

  '@esbuild/android-arm64@0.19.12':
    resolution: {integrity: sha512-P0UVNGIienjZv3f5zq0DP3Nt2IE/3plFzuaS96vihvD0Hd6H/q4WXUGpCxD/E8YrSXfNyRPbpTq+T8ZQioSuPA==}
    engines: {node: '>=12'}
    cpu: [arm64]
    os: [android]

  '@esbuild/android-arm@0.19.12':
    resolution: {integrity: sha512-qg/Lj1mu3CdQlDEEiWrlC4eaPZ1KztwGJ9B6J+/6G+/4ewxJg7gqj8eVYWvao1bXrqGiW2rsBZFSX3q2lcW05w==}
    engines: {node: '>=12'}
    cpu: [arm]
    os: [android]

  '@esbuild/android-x64@0.19.12':
    resolution: {integrity: sha512-3k7ZoUW6Q6YqhdhIaq/WZ7HwBpnFBlW905Fa4s4qWJyiNOgT1dOqDiVAQFwBH7gBRZr17gLrlFCRzF6jFh7Kew==}
    engines: {node: '>=12'}
    cpu: [x64]
    os: [android]

  '@esbuild/darwin-arm64@0.19.12':
    resolution: {integrity: sha512-B6IeSgZgtEzGC42jsI+YYu9Z3HKRxp8ZT3cqhvliEHovq8HSX2YX8lNocDn79gCKJXOSaEot9MVYky7AKjCs8g==}
    engines: {node: '>=12'}
    cpu: [arm64]
    os: [darwin]

  '@esbuild/darwin-x64@0.19.12':
    resolution: {integrity: sha512-hKoVkKzFiToTgn+41qGhsUJXFlIjxI/jSYeZf3ugemDYZldIXIxhvwN6erJGlX4t5h417iFuheZ7l+YVn05N3A==}
    engines: {node: '>=12'}
    cpu: [x64]
    os: [darwin]

  '@esbuild/freebsd-arm64@0.19.12':
    resolution: {integrity: sha512-4aRvFIXmwAcDBw9AueDQ2YnGmz5L6obe5kmPT8Vd+/+x/JMVKCgdcRwH6APrbpNXsPz+K653Qg8HB/oXvXVukA==}
    engines: {node: '>=12'}
    cpu: [arm64]
    os: [freebsd]

  '@esbuild/freebsd-x64@0.19.12':
    resolution: {integrity: sha512-EYoXZ4d8xtBoVN7CEwWY2IN4ho76xjYXqSXMNccFSx2lgqOG/1TBPW0yPx1bJZk94qu3tX0fycJeeQsKovA8gg==}
    engines: {node: '>=12'}
    cpu: [x64]
    os: [freebsd]

  '@esbuild/linux-arm64@0.19.12':
    resolution: {integrity: sha512-EoTjyYyLuVPfdPLsGVVVC8a0p1BFFvtpQDB/YLEhaXyf/5bczaGeN15QkR+O4S5LeJ92Tqotve7i1jn35qwvdA==}
    engines: {node: '>=12'}
    cpu: [arm64]
    os: [linux]

  '@esbuild/linux-arm@0.19.12':
    resolution: {integrity: sha512-J5jPms//KhSNv+LO1S1TX1UWp1ucM6N6XuL6ITdKWElCu8wXP72l9MM0zDTzzeikVyqFE6U8YAV9/tFyj0ti+w==}
    engines: {node: '>=12'}
    cpu: [arm]
    os: [linux]

  '@esbuild/linux-ia32@0.19.12':
    resolution: {integrity: sha512-Thsa42rrP1+UIGaWz47uydHSBOgTUnwBwNq59khgIwktK6x60Hivfbux9iNR0eHCHzOLjLMLfUMLCypBkZXMHA==}
    engines: {node: '>=12'}
    cpu: [ia32]
    os: [linux]

  '@esbuild/linux-loong64@0.19.12':
    resolution: {integrity: sha512-LiXdXA0s3IqRRjm6rV6XaWATScKAXjI4R4LoDlvO7+yQqFdlr1Bax62sRwkVvRIrwXxvtYEHHI4dm50jAXkuAA==}
    engines: {node: '>=12'}
    cpu: [loong64]
    os: [linux]

  '@esbuild/linux-mips64el@0.19.12':
    resolution: {integrity: sha512-fEnAuj5VGTanfJ07ff0gOA6IPsvrVHLVb6Lyd1g2/ed67oU1eFzL0r9WL7ZzscD+/N6i3dWumGE1Un4f7Amf+w==}
    engines: {node: '>=12'}
    cpu: [mips64el]
    os: [linux]

  '@esbuild/linux-ppc64@0.19.12':
    resolution: {integrity: sha512-nYJA2/QPimDQOh1rKWedNOe3Gfc8PabU7HT3iXWtNUbRzXS9+vgB0Fjaqr//XNbd82mCxHzik2qotuI89cfixg==}
    engines: {node: '>=12'}
    cpu: [ppc64]
    os: [linux]

  '@esbuild/linux-riscv64@0.19.12':
    resolution: {integrity: sha512-2MueBrlPQCw5dVJJpQdUYgeqIzDQgw3QtiAHUC4RBz9FXPrskyyU3VI1hw7C0BSKB9OduwSJ79FTCqtGMWqJHg==}
    engines: {node: '>=12'}
    cpu: [riscv64]
    os: [linux]

  '@esbuild/linux-s390x@0.19.12':
    resolution: {integrity: sha512-+Pil1Nv3Umes4m3AZKqA2anfhJiVmNCYkPchwFJNEJN5QxmTs1uzyy4TvmDrCRNT2ApwSari7ZIgrPeUx4UZDg==}
    engines: {node: '>=12'}
    cpu: [s390x]
    os: [linux]

  '@esbuild/linux-x64@0.19.12':
    resolution: {integrity: sha512-B71g1QpxfwBvNrfyJdVDexenDIt1CiDN1TIXLbhOw0KhJzE78KIFGX6OJ9MrtC0oOqMWf+0xop4qEU8JrJTwCg==}
    engines: {node: '>=12'}
    cpu: [x64]
    os: [linux]

  '@esbuild/netbsd-x64@0.19.12':
    resolution: {integrity: sha512-3ltjQ7n1owJgFbuC61Oj++XhtzmymoCihNFgT84UAmJnxJfm4sYCiSLTXZtE00VWYpPMYc+ZQmB6xbSdVh0JWA==}
    engines: {node: '>=12'}
    cpu: [x64]
    os: [netbsd]

  '@esbuild/openbsd-x64@0.19.12':
    resolution: {integrity: sha512-RbrfTB9SWsr0kWmb9srfF+L933uMDdu9BIzdA7os2t0TXhCRjrQyCeOt6wVxr79CKD4c+p+YhCj31HBkYcXebw==}
    engines: {node: '>=12'}
    cpu: [x64]
    os: [openbsd]

  '@esbuild/sunos-x64@0.19.12':
    resolution: {integrity: sha512-HKjJwRrW8uWtCQnQOz9qcU3mUZhTUQvi56Q8DPTLLB+DawoiQdjsYq+j+D3s9I8VFtDr+F9CjgXKKC4ss89IeA==}
    engines: {node: '>=12'}
    cpu: [x64]
    os: [sunos]

  '@esbuild/win32-arm64@0.19.12':
    resolution: {integrity: sha512-URgtR1dJnmGvX864pn1B2YUYNzjmXkuJOIqG2HdU62MVS4EHpU2946OZoTMnRUHklGtJdJZ33QfzdjGACXhn1A==}
    engines: {node: '>=12'}
    cpu: [arm64]
    os: [win32]

  '@esbuild/win32-ia32@0.19.12':
    resolution: {integrity: sha512-+ZOE6pUkMOJfmxmBZElNOx72NKpIa/HFOMGzu8fqzQJ5kgf6aTGrcJaFsNiVMH4JKpMipyK+7k0n2UXN7a8YKQ==}
    engines: {node: '>=12'}
    cpu: [ia32]
    os: [win32]

  '@esbuild/win32-x64@0.19.12':
    resolution: {integrity: sha512-T1QyPSDCyMXaO3pzBkF96E8xMkiRYbUEZADd29SyPGabqxMViNoii+NcK7eWJAEoU6RZyEm5lVSIjTmcdoB9HA==}
    engines: {node: '>=12'}
    cpu: [x64]
    os: [win32]

  '@formatjs/ecma402-abstract@2.0.0':
    resolution: {integrity: sha512-rRqXOqdFmk7RYvj4khklyqzcfQl9vEL/usogncBHRZfZBDOwMGuSRNFl02fu5KGHXdbinju+YXyuR+Nk8xlr/g==}

  '@formatjs/ecma402-abstract@2.2.4':
    resolution: {integrity: sha512-lFyiQDVvSbQOpU+WFd//ILolGj4UgA/qXrKeZxdV14uKiAUiPAtX6XAn7WBCRi7Mx6I7EybM9E5yYn4BIpZWYg==}

  '@formatjs/ecma402-abstract@2.3.6':
    resolution: {integrity: sha512-HJnTFeRM2kVFVr5gr5kH1XP6K0JcJtE7Lzvtr3FS/so5f1kpsqqqxy5JF+FRaO6H2qmcMfAUIox7AJteieRtVw==}

  '@formatjs/fast-memoize@2.2.3':
    resolution: {integrity: sha512-3jeJ+HyOfu8osl3GNSL4vVHUuWFXR03Iz9jjgI7RwjG6ysu/Ymdr0JRCPHfF5yGbTE6JCrd63EpvX1/WybYRbA==}

  '@formatjs/fast-memoize@2.2.7':
    resolution: {integrity: sha512-Yabmi9nSvyOMrlSeGGWDiH7rf3a7sIwplbvo/dlz9WCIjzIQAfy1RMf4S0X3yG724n5Ghu2GmEl5NJIV6O9sZQ==}

  '@formatjs/icu-messageformat-parser@2.11.4':
    resolution: {integrity: sha512-7kR78cRrPNB4fjGFZg3Rmj5aah8rQj9KPzuLsmcSn4ipLXQvC04keycTI1F7kJYDwIXtT2+7IDEto842CfZBtw==}

  '@formatjs/icu-messageformat-parser@2.9.4':
    resolution: {integrity: sha512-Tbvp5a9IWuxUcpWNIW6GlMQYEc4rwNHR259uUFoKWNN1jM9obf9Ul0e+7r7MvFOBNcN+13K7NuKCKqQiAn1QEg==}

  '@formatjs/icu-skeleton-parser@1.8.16':
    resolution: {integrity: sha512-H13E9Xl+PxBd8D5/6TVUluSpxGNvFSlN/b3coUp0e0JpuWXXnQDiavIpY3NnvSp4xhEMoXyyBvVfdFX8jglOHQ==}

  '@formatjs/icu-skeleton-parser@1.8.2':
    resolution: {integrity: sha512-k4ERKgw7aKGWJZgTarIcNEmvyTVD9FYh0mTrrBMHZ1b8hUu6iOJ4SzsZlo3UNAvHYa+PnvntIwRPt1/vy4nA9Q==}

  '@formatjs/icu-skeleton-parser@1.8.8':
    resolution: {integrity: sha512-vHwK3piXwamFcx5YQdCdJxUQ1WdTl6ANclt5xba5zLGDv5Bsur7qz8AD7BevaKxITwpgDeU0u8My3AIibW9ywA==}

  '@formatjs/intl-displaynames@6.8.5':
    resolution: {integrity: sha512-85b+GdAKCsleS6cqVxf/Aw/uBd+20EM0wDpgaxzHo3RIR3bxF4xCJqH/Grbzx8CXurTgDDZHPdPdwJC+May41w==}

  '@formatjs/intl-listformat@7.7.5':
    resolution: {integrity: sha512-Wzes10SMNeYgnxYiKsda4rnHP3Q3II4XT2tZyOgnH5fWuHDtIkceuWlRQNsvrI3uiwP4hLqp2XdQTCsfkhXulg==}

  '@formatjs/intl-localematcher@0.5.4':
    resolution: {integrity: sha512-zTwEpWOzZ2CiKcB93BLngUX59hQkuZjT2+SAQEscSm52peDW/getsawMcWF1rGRpMCX6D7nSJA3CzJ8gn13N/g==}

  '@formatjs/intl-localematcher@0.5.8':
    resolution: {integrity: sha512-I+WDNWWJFZie+jkfkiK5Mp4hEDyRSEvmyfYadflOno/mmKJKcB17fEpEH0oJu/OWhhCJ8kJBDz2YMd/6cDl7Mg==}

  '@formatjs/intl-localematcher@0.6.2':
    resolution: {integrity: sha512-XOMO2Hupl0wdd172Y06h6kLpBz6Dv+J4okPLl4LPtzbr8f66WbIoy4ev98EBuZ6ZK4h5ydTN6XneT4QVpD7cdA==}

  '@formatjs/intl@2.10.15':
    resolution: {integrity: sha512-i6+xVqT+6KCz7nBfk4ybMXmbKO36tKvbMKtgFz9KV+8idYFyFbfwKooYk8kGjyA5+T5f1kEPQM5IDLXucTAQ9g==}
    peerDependencies:
      typescript: ^4.7 || 5
    peerDependenciesMeta:
      typescript:
        optional: true

  '@intrnl/xxhash64@0.1.2':
    resolution: {integrity: sha512-1+lx7j99fdph+uy3EnjQyr39KQZ7LP56+aWOr6finJWpgYpvb7XrhFUqDwnEk/wpPC98nCjAT6RulpW3crWjlg==}

  '@moonlight-mod/esbuild-config@1.1.0':
    resolution: {integrity: sha512-R3RR2fztdXvZS0cTdpuKTqJJqovjIgIfdVKC3Ge7YiTIf7unJYp6ebiCVhfDyBn7UtGUsrIplCJhGDGrkZsUnQ==}
    engines: {node: '>=22', npm: pnpm, pnpm: '>=10', yarn: pnpm}
    peerDependencies:
      esbuild: '>= 0.19'

  '@moonlight-mod/lunast@1.0.1':
    resolution: {integrity: sha512-K3vxzDlfFuYKjciIW2FMlcZ1qrrkAGDGpSBlNqYGtJ0sMt9bRCd2lpSpg6AX/giSljDtmAUXa/5mOfUoDQxjBA==}

  '@moonlight-mod/mappings@2026.9.1':
    resolution: {integrity: sha512-4sCEI3m269mRSPmUj7MytL/zPcERbEURzXCvg3E4GrW5J5wJqm5zR4HYaXxJ3eyrUZprmrLfVp1Jh78NzKHO3g==}
    engines: {node: '>=22', npm: pnpm, pnpm: '>=10', yarn: pnpm}
    peerDependencies:
      '@moonlight-mod/lunast': ^1.0.1
      '@moonlight-mod/moonmap': ^1.0.7

  '@moonlight-mod/moonmap@1.0.7':
    resolution: {integrity: sha512-K4TXEHYPgAtPjWSPWtO9+jzs7+/OYAF1GGkh1BtXrkeVT8vEFlNMztbZYy+N0bJLWzwytS4mrheMdSaBfJw6fw==}
    engines: {node: '>=22', npm: pnpm, pnpm: '>=10', yarn: pnpm}

  '@moonlight-mod/types@2026.9.1':
    resolution: {integrity: sha512-kVN9H1q36k8rUFD6wSzxCVp4lnSeTCVOO2vPbJ1nNmCCgWWMwhH/UMCsxHr4CgYlUB3QLdqtoyGmtRuFJCoRAA==}
    engines: {node: '>=22', npm: pnpm, pnpm: '>=10', yarn: pnpm}

  '@protobuf-ts/runtime@2.11.1':
    resolution: {integrity: sha512-KuDaT1IfHkugM2pyz+FwiY80ejWrkH1pAtOBOZFuR6SXEFTsnb/jiQWQ1rCIrcKx2BtyxnxW6BWwsVSA/Ie+WQ==}

  '@types/chroma-js@3.1.2':
    resolution: {integrity: sha512-YBTQqArPN8A0niHXCwrO1z5x++a+6l0mLBykncUpr23oIPW7L4h39s6gokdK/bDrPmSh8+TjMmrhBPnyiaWPmQ==}

  '@types/estree-jsx@1.0.5':
    resolution: {integrity: sha512-52CcUVNFyfb1A2ALocQw/Dd1BQFNmSdkuC3BkZ6iqhdMfQz7JWOFRuJFloOzjk+6WijU56m9oKXFAXc7o3Towg==}

  '@types/estree@1.0.9':
    resolution: {integrity: sha512-GhdPgy1el4/ImP05X05Uw4cw2/M93BCUmnEvWZNStlCzEKME4Fkk+YpoA5OiHNQmoS7Cafb8Xa3Pya8m1Qrzeg==}

  '@types/fbemitter@2.0.35':
    resolution: {integrity: sha512-Xem6d7qUfmouCHntCrRYgDBwbf+WWRd6G+7WEFlEZFZ67LZXiYRvT2LV8wcZa6mIaAil95+ABQdKgB6hPIsnng==}

  '@types/flux@3.1.15':
    resolution: {integrity: sha512-CfmpQUUh7y0hFhrekHoBGZiVX7V5UCNvxUsTqBMA/JOyO72Vh2pGIID/i0YEfLAVx4yAzAhlmTUlgFNVjZF5UQ==}

  '@types/highlightjs@9.12.6':
    resolution: {integrity: sha512-Qfd1DUrwE851Hc3tExADJY4qY8yeZMt06Xw9AJm/UtpneepJS3MZY29c33BY0wP899veaaHD4gZzYiSuQm84Fg==}

  '@types/lodash@4.17.25':
    resolution: {integrity: sha512-+K1NIO8I+F9/wNulfVvu23QYd0Pe9/OCqRrim4NoYIf1VoEDL90Ve4ClzpyqBLc7NpGGWRvYNCKZ1BE/Jpf8dQ==}

  '@types/node@18.19.130':
    resolution: {integrity: sha512-GRaXQx6jGfL8sKfaIDD6OupbIHBr9jv7Jnaml9tB7l4v068PAOXqfcujMMo5PhbIs6ggR1XODELqahT2R8v0fg==}

  '@types/node@22.14.0':
    resolution: {integrity: sha512-Kmpl+z84ILoG+3T/zQFyAJsU6EPTmOCj8/2+83fSN6djd6I4o7uOuGIH6vq3PrjY5BGitSbFuMN18j3iknubbA==}

  '@types/platform@1.3.6':
    resolution: {integrity: sha512-ZmSaqHuvzv+jC232cFoz2QqPUkaj6EvMmCrWcx3WRr7xTPVFCMUOTcOq8m2d+Zw1iKRc1kDiaA+jtNrV0hkVew==}

  '@types/react@19.2.18':
    resolution: {integrity: sha512-AnzbBERsrLKtk2XSfTbYRLjQPdy116Sty4q+T+Bp3IC4l6jNBvreVPAHmpq9qhXQM7CXZPjLVmGMw9sy+hxQ3w==}

  astring@1.9.0:
    resolution: {integrity: sha512-LElXdjswlqjWrPpJFg1Fx4wpkOCxj1TDHlSV4PlaRxHGWko024xICaa97ZkMfs6DRKlCguiAI+rbXv5GWwXIkg==}
    hasBin: true

  balanced-match@1.0.2:
    resolution: {integrity: sha512-3oSeUO0TMV67hN1AmbXsK4yaqU7tjiHlbxRDZOpH0KW9+CeX4bRAaX0Anxt0tx2MrpRpWwQaPwIlISEJhYU5Pw==}

  brace-expansion@1.1.18:
    resolution: {integrity: sha512-Edep/X9fGqVNmzKBVsDYIOtD+z1tuezV70LBjdCst9Tqu76lsnvRiZ6oTic1n+/BIwX6QDGAO94PN4N2SADvtw==}

  commander@5.1.0:
    resolution: {integrity: sha512-P0CysNDQ7rtVw4QIQtm+MRxV66vKFSvlsQvGYXZWR3qFU0jlMKHZZZgw8e+8DSah4UDKMqnknRDQz+xuQXQ/Zg==}
    engines: {node: '>= 6'}

  concat-map@0.0.1:
    resolution: {integrity: sha512-/Srv4dswyQNBfohGpz9o6Yb3Gz3SrUDqBH5rTuhGR7ahtlbYKnVxw2bCFMRljaA7EXHaXZ8wsHdodFvbkhKmqg==}

  csstype@3.2.3:
    resolution: {integrity: sha512-z1HGKcYy2xA8AGQfwrn0PAy+PB7X/GSj3UVJW9qKyn43xWa+gl5nXmU4qqLMRzWVLFC8KusUX8T/0kCiOYpAIQ==}

  decimal.js@10.6.0:
    resolution: {integrity: sha512-YpgQiITW3JXGntzdUmyUR1V812Hn8T1YVXhCu+wO3OpS4eU9l4YdD3qjyiKdV6mvV29zapkMeD390UVEf2lkUg==}

  esbuild@0.19.12:
    resolution: {integrity: sha512-aARqgq8roFBj054KvQr5f1sFu0D65G+miZRCuJyJ0G13Zwx7vRar5Zhn2tkQNzIXcBrNVsv/8stehpj+GAjgbg==}
    engines: {node: '>=12'}
    hasBin: true

  estree-toolkit@1.7.14:
    resolution: {integrity: sha512-UD46XPj9xCQ+5r+JRv1qdaJuWLbQaconfnFHWOc20ugbHzZSOO6/A+vye46arVxbOSr/KnzRzKfnp9SJ0IqaUw==}

  fs.realpath@1.0.0:
    resolution: {integrity: sha512-OO0pH2lK6a0hZnAdau5ItzHPI6pUlvI7jMVnxUQRtw4owF2wk8lOSabtGDCTP4Ggrg2MbGnWO9X8K1t4+fGMDw==}

  glob@7.2.3:
    resolution: {integrity: sha512-nFR0zLpU2YCaRxwoCJvL6UvCH2JFyFVIvwTLsIf21AuHlMskA1hhTdk+LlYJtOlYt9v6dvszD2BGRqBL+iQK9Q==}
    deprecated: Old versions of glob are not supported, and contain widely publicized security vulnerabilities, which have been fixed in the current version. Please update. Support for old versions may be purchased (at exorbitant rates) by contacting i@izs.me

  inflight@1.0.6:
    resolution: {integrity: sha512-k92I/b08q4wvFscXCLvqfsHCrjrF7yiXsQuIVvVE7N82W3+aqpzuUdBbfhWcy/FZR3/4IgflMgKLOsvPDrGCJA==}
    deprecated: This module is not supported, and leaks memory. Do not use it. Check out lru-cache if you want a good and tested way to coalesce async requests by a key value, which is much more comprehensive and powerful.

  inherits@2.0.4:
    resolution: {integrity: sha512-k/vGaX4/Yla3WzyMCvTQOXYeIHvqOKtnqBduzTHpzpQZzAskKMhZ2K+EnBiSM9zGSoIFeMpXKxa4dYeZIQqewQ==}

  intl-messageformat@10.7.18:
    resolution: {integrity: sha512-m3Ofv/X/tV8Y3tHXLohcuVuhWKo7BBq62cqY15etqmLxg2DZ34AGGgQDeR+SCta2+zICb1NX83af0GJmbQ1++g==}

  intl-messageformat@10.7.7:
    resolution: {integrity: sha512-F134jIoeYMro/3I0h08D0Yt4N9o9pjddU/4IIxMMURqbAtI2wu70X8hvG1V48W49zXHXv3RKSF/po+0fDfsGjA==}

  meriyah@6.1.4:
    resolution: {integrity: sha512-Sz8FzjzI0kN13GK/6MVEsVzMZEPvOhnmmI1lU5+/1cGOiK3QUahntrNNtdVeihrO7t9JpoH75iMNXg6R6uWflQ==}
    engines: {node: '>=18.0.0'}

  minimatch@3.1.5:
    resolution: {integrity: sha512-VgjWUsnnT6n+NUk6eZq77zeFdpW2LWDzP6zFGrCbHXiYNul5Dzqk2HHQ5uFH2DNW5Xbp8+jVzaeNt94ssEEl4w==}

  moment@2.22.2:
    resolution: {integrity: sha512-LRvkBHaJGnrcWvqsElsOhHCzj8mU39wLx5pQ0pc6s153GynCTsPdGdqsVNKAQD9sKnWj11iF7TZx9fpLwdD3fw==}

  once@1.4.0:
    resolution: {integrity: sha512-lNaJgI+2Q5URQBkccEKHTQOPaXdUxnZZElQTZY0MFUAuaEqe1E+Nyvgdz/aIyNi6Z9MzO5dv1H8n58/GELp3+w==}

  path-is-absolute@1.0.1:
    resolution: {integrity: sha512-AVbw3UJ2e9bq64vSaS9Am0fje1Pa8pbGqTTsmXfaIiMpnr5DlDhfJOuLj9Sf95ZPVDAUerDfEk88MPmPe7UCQg==}
    engines: {node: '>=0.10.0'}

  react@19.2.8:
    resolution: {integrity: sha512-PWaYA1L/q9u2u7xYQi+Y3L3Yfnie7XyLeaJICV1MGD6LprsBxcAqGjYyr0eY3p+QdsA+x/Irkt4Qif8D63+Sbw==}
    engines: {node: '>=0.10.0'}

  standalone-electron-types@1.0.0:
    resolution: {integrity: sha512-0HOi/tlTz3mjWhsAz4uRbpQcHMZ+ifj1JzWW9nugykOHClBBG77ps8QinrzX1eow4Iw2pnC+RFaSYRgufF4BOg==}

  tslib@2.8.1:
    resolution: {integrity: sha512-oJFu94HQb+KVduSUQL7wnpmqnfmLsOA/nAh6b6EH0wCEoK0/mPeXU6c3wKDV83MkOuHPRHtSXKKU99IBazS/2w==}

  typescript@5.9.3:
    resolution: {integrity: sha512-jl1vZzPDinLr9eUt3J/t7V6FgNEw9QjvBPdysz9KfQDD41fQrC2Y4vKQdiaUpFT4bXlb1RHhLpp8wtm6M5TgSw==}
    engines: {node: '>=14.17'}
    hasBin: true

  undici-types@5.26.5:
    resolution: {integrity: sha512-JlCMO+ehdEIKqlFxk6IfVoAUVmgz7cU7zD/h9XZ0qzeosSHmUJVOzSQvvYSYWXkFXC+IfLKSIffhv0sVZup6pA==}

  undici-types@6.21.0:
    resolution: {integrity: sha512-iwDZqg0QAGrg9Rav5H4n0M64c3mkR59cJ6wQp+7C4nI0gsmExaedaYLNO44eT4AtBBwjbTiGPMlt2Md0T9H9JQ==}

  wrappy@1.0.2:
    resolution: {integrity: sha512-l4Sp/DRseor9wL6EvV2+TuQn63dMkPjZ/sp9XkghTEbV9KlPS1xUsZ3u7/IQO4wxtcFB4bgpQPRcR3QCvezPcQ==}

  zustand@5.0.15:
    resolution: {integrity: sha512-MpSEjRiBkA9crSYeOUH32rJC7SVqAbm0Fqcqge/bUi2PPoLcBWKOsG+C8mevmpr8TwXHBVkChbbJiyvkE+i/3A==}
    engines: {node: '>=12.20.0'}
    peerDependencies:
      '@types/react': '>=18.0.0'
      immer: '>=9.0.6'
      react: '>=18.0.0'
      use-sync-external-store: '>=1.2.0'
    peerDependenciesMeta:
      '@types/react':
        optional: true
      immer:
        optional: true
      react:
        optional: true
      use-sync-external-store:
        optional: true

snapshots:

  '@discord/intl-ast@0.29.1': {}

  '@discord/intl@0.29.1(react@19.2.8)(typescript@5.9.3)':
    dependencies:
      '@discord/intl-ast': 0.29.1
      '@formatjs/icu-skeleton-parser': 1.8.2
      '@formatjs/intl': 2.10.15(typescript@5.9.3)
      '@intrnl/xxhash64': 0.1.2
      intl-messageformat: 10.7.18
      react: 19.2.8
    transitivePeerDependencies:
      - typescript

  '@electron/asar@3.4.1':
    dependencies:
      commander: 5.1.0
      glob: 7.2.3
      minimatch: 3.1.5

  '@esbuild/aix-ppc64@0.19.12':
    optional: true

  '@esbuild/android-arm64@0.19.12':
    optional: true

  '@esbuild/android-arm@0.19.12':
    optional: true

  '@esbuild/android-x64@0.19.12':
    optional: true

  '@esbuild/darwin-arm64@0.19.12':
    optional: true

  '@esbuild/darwin-x64@0.19.12':
    optional: true

  '@esbuild/freebsd-arm64@0.19.12':
    optional: true

  '@esbuild/freebsd-x64@0.19.12':
    optional: true

  '@esbuild/linux-arm64@0.19.12':
    optional: true

  '@esbuild/linux-arm@0.19.12':
    optional: true

  '@esbuild/linux-ia32@0.19.12':
    optional: true

  '@esbuild/linux-loong64@0.19.12':
    optional: true

  '@esbuild/linux-mips64el@0.19.12':
    optional: true

  '@esbuild/linux-ppc64@0.19.12':
    optional: true

  '@esbuild/linux-riscv64@0.19.12':
    optional: true

  '@esbuild/linux-s390x@0.19.12':
    optional: true

  '@esbuild/linux-x64@0.19.12':
    optional: true

  '@esbuild/netbsd-x64@0.19.12':
    optional: true

  '@esbuild/openbsd-x64@0.19.12':
    optional: true

  '@esbuild/sunos-x64@0.19.12':
    optional: true

  '@esbuild/win32-arm64@0.19.12':
    optional: true

  '@esbuild/win32-ia32@0.19.12':
    optional: true

  '@esbuild/win32-x64@0.19.12':
    optional: true

  '@formatjs/ecma402-abstract@2.0.0':
    dependencies:
      '@formatjs/intl-localematcher': 0.5.4
      tslib: 2.8.1

  '@formatjs/ecma402-abstract@2.2.4':
    dependencies:
      '@formatjs/fast-memoize': 2.2.3
      '@formatjs/intl-localematcher': 0.5.8
      tslib: 2.8.1

  '@formatjs/ecma402-abstract@2.3.6':
    dependencies:
      '@formatjs/fast-memoize': 2.2.7
      '@formatjs/intl-localematcher': 0.6.2
      decimal.js: 10.6.0
      tslib: 2.8.1

  '@formatjs/fast-memoize@2.2.3':
    dependencies:
      tslib: 2.8.1

  '@formatjs/fast-memoize@2.2.7':
    dependencies:
      tslib: 2.8.1

  '@formatjs/icu-messageformat-parser@2.11.4':
    dependencies:
      '@formatjs/ecma402-abstract': 2.3.6
      '@formatjs/icu-skeleton-parser': 1.8.16
      tslib: 2.8.1

  '@formatjs/icu-messageformat-parser@2.9.4':
    dependencies:
      '@formatjs/ecma402-abstract': 2.2.4
      '@formatjs/icu-skeleton-parser': 1.8.8
      tslib: 2.8.1

  '@formatjs/icu-skeleton-parser@1.8.16':
    dependencies:
      '@formatjs/ecma402-abstract': 2.3.6
      tslib: 2.8.1

  '@formatjs/icu-skeleton-parser@1.8.2':
    dependencies:
      '@formatjs/ecma402-abstract': 2.0.0
      tslib: 2.8.1

  '@formatjs/icu-skeleton-parser@1.8.8':
    dependencies:
      '@formatjs/ecma402-abstract': 2.2.4
      tslib: 2.8.1

  '@formatjs/intl-displaynames@6.8.5':
    dependencies:
      '@formatjs/ecma402-abstract': 2.2.4
      '@formatjs/intl-localematcher': 0.5.8
      tslib: 2.8.1

  '@formatjs/intl-listformat@7.7.5':
    dependencies:
      '@formatjs/ecma402-abstract': 2.2.4
      '@formatjs/intl-localematcher': 0.5.8
      tslib: 2.8.1

  '@formatjs/intl-localematcher@0.5.4':
    dependencies:
      tslib: 2.8.1

  '@formatjs/intl-localematcher@0.5.8':
    dependencies:
      tslib: 2.8.1

  '@formatjs/intl-localematcher@0.6.2':
    dependencies:
      tslib: 2.8.1

  '@formatjs/intl@2.10.15(typescript@5.9.3)':
    dependencies:
      '@formatjs/ecma402-abstract': 2.2.4
      '@formatjs/fast-memoize': 2.2.3
      '@formatjs/icu-messageformat-parser': 2.9.4
      '@formatjs/intl-displaynames': 6.8.5
      '@formatjs/intl-listformat': 7.7.5
      intl-messageformat: 10.7.7
      tslib: 2.8.1
    optionalDependencies:
      typescript: 5.9.3

  '@intrnl/xxhash64@0.1.2': {}

  '@moonlight-mod/esbuild-config@1.1.0(esbuild@0.19.12)':
    dependencies:
      esbuild: 0.19.12

  '@moonlight-mod/lunast@1.0.1':
    dependencies:
      astring: 1.9.0
      estree-toolkit: 1.7.14
      meriyah: 6.1.4

  '@moonlight-mod/mappings@2026.9.1(@moonlight-mod/lunast@1.0.1)(@moonlight-mod/moonmap@1.0.7)(react@19.2.8)(typescript@5.9.3)':
    dependencies:
      '@discord/intl': 0.29.1(react@19.2.8)(typescript@5.9.3)
      '@moonlight-mod/lunast': 1.0.1
      '@moonlight-mod/moonmap': 1.0.7
      '@types/chroma-js': 3.1.2
      '@types/flux': 3.1.15
      '@types/highlightjs': 9.12.6
      '@types/lodash': 4.17.25
      '@types/platform': 1.3.6
      '@types/react': 19.2.18
      csstype: 3.2.3
      moment: 2.22.2
      zustand: 5.0.15(@types/react@19.2.18)(react@19.2.8)
    transitivePeerDependencies:
      - immer
      - react
      - typescript
      - use-sync-external-store

  '@moonlight-mod/moonmap@1.0.7': {}

  '@moonlight-mod/types@2026.9.1(react@19.2.8)(typescript@5.9.3)':
    dependencies:
      '@moonlight-mod/lunast': 1.0.1
      '@moonlight-mod/mappings': 2026.9.1(@moonlight-mod/lunast@1.0.1)(@moonlight-mod/moonmap@1.0.7)(react@19.2.8)(typescript@5.9.3)
      '@moonlight-mod/moonmap': 1.0.7
      '@types/node': 22.14.0
      '@types/react': 19.2.18
      csstype: 3.2.3
      standalone-electron-types: 1.0.0
    transitivePeerDependencies:
      - immer
      - react
      - typescript
      - use-sync-external-store

  '@protobuf-ts/runtime@2.11.1': {}

  '@types/chroma-js@3.1.2': {}

  '@types/estree-jsx@1.0.5':
    dependencies:
      '@types/estree': 1.0.9

  '@types/estree@1.0.9': {}

  '@types/fbemitter@2.0.35': {}

  '@types/flux@3.1.15':
    dependencies:
      '@types/fbemitter': 2.0.35
      '@types/react': 19.2.18

  '@types/highlightjs@9.12.6': {}

  '@types/lodash@4.17.25': {}

  '@types/node@18.19.130':
    dependencies:
      undici-types: 5.26.5

  '@types/node@22.14.0':
    dependencies:
      undici-types: 6.21.0

  '@types/platform@1.3.6': {}

  '@types/react@19.2.18':
    dependencies:
      csstype: 3.2.3

  astring@1.9.0: {}

  balanced-match@1.0.2: {}

  brace-expansion@1.1.18:
    dependencies:
      balanced-match: 1.0.2
      concat-map: 0.0.1

  commander@5.1.0: {}

  concat-map@0.0.1: {}

  csstype@3.2.3: {}

  decimal.js@10.6.0: {}

  esbuild@0.19.12:
    optionalDependencies:
      '@esbuild/aix-ppc64': 0.19.12
      '@esbuild/android-arm': 0.19.12
      '@esbuild/android-arm64': 0.19.12
      '@esbuild/android-x64': 0.19.12
      '@esbuild/darwin-arm64': 0.19.12
      '@esbuild/darwin-x64': 0.19.12
      '@esbuild/freebsd-arm64': 0.19.12
      '@esbuild/freebsd-x64': 0.19.12
      '@esbuild/linux-arm': 0.19.12
      '@esbuild/linux-arm64': 0.19.12
      '@esbuild/linux-ia32': 0.19.12
      '@esbuild/linux-loong64': 0.19.12
      '@esbuild/linux-mips64el': 0.19.12
      '@esbuild/linux-ppc64': 0.19.12
      '@esbuild/linux-riscv64': 0.19.12
      '@esbuild/linux-s390x': 0.19.12
      '@esbuild/linux-x64': 0.19.12
      '@esbuild/netbsd-x64': 0.19.12
      '@esbuild/openbsd-x64': 0.19.12
      '@esbuild/sunos-x64': 0.19.12
      '@esbuild/win32-arm64': 0.19.12
      '@esbuild/win32-ia32': 0.19.12
      '@esbuild/win32-x64': 0.19.12

  estree-toolkit@1.7.14:
    dependencies:
      '@types/estree': 1.0.9
      '@types/estree-jsx': 1.0.5

  fs.realpath@1.0.0: {}

  glob@7.2.3:
    dependencies:
      fs.realpath: 1.0.0
      inflight: 1.0.6
      inherits: 2.0.4
      minimatch: 3.1.5
      once: 1.4.0
      path-is-absolute: 1.0.1

  inflight@1.0.6:
    dependencies:
      once: 1.4.0
      wrappy: 1.0.2

  inherits@2.0.4: {}

  intl-messageformat@10.7.18:
    dependencies:
      '@formatjs/ecma402-abstract': 2.3.6
      '@formatjs/fast-memoize': 2.2.7
      '@formatjs/icu-messageformat-parser': 2.11.4
      tslib: 2.8.1

  intl-messageformat@10.7.7:
    dependencies:
      '@formatjs/ecma402-abstract': 2.2.4
      '@formatjs/fast-memoize': 2.2.3
      '@formatjs/icu-messageformat-parser': 2.9.4
      tslib: 2.8.1

  meriyah@6.1.4: {}

  minimatch@3.1.5:
    dependencies:
      brace-expansion: 1.1.18

  moment@2.22.2: {}

  once@1.4.0:
    dependencies:
      wrappy: 1.0.2

  path-is-absolute@1.0.1: {}

  react@19.2.8: {}

  standalone-electron-types@1.0.0:
    dependencies:
      '@types/node': 18.19.130

  tslib@2.8.1: {}

  typescript@5.9.3: {}

  undici-types@5.26.5: {}

  undici-types@6.21.0: {}

  wrappy@1.0.2: {}

  zustand@5.0.15(@types/react@19.2.18)(react@19.2.8):
    optionalDependencies:
      '@types/react': 19.2.18
      react: 19.2.8
